
Microsoft Visual Studio Solution File, Format Version 11.00
# Visual Studio 2010
Project("{FAE04EC0-301F-11D3-BF4B-00C04F79EFBC}") = "SIIO.UI", "SIIO.UI\SIIO.UI.csproj", "{A70A45F0-825E-4CA6-887B-111B6EA05D53}"
EndProject
Project("{FAE04EC0-301F-11D3-BF4B-00C04F79EFBC}") = "SIIO.BO", "SIIO.BO\SIIO.BO.csproj", "{9AF78B92-492E-4CAD-87BA-FB38F7838A39}"
EndProject
Project("{FAE04EC0-301F-11D3-BF4B-00C04F79EFBC}") = "SIIO.Model", "SIIO.Model\SIIO.Model.csproj", "{B7A1FD84-AD8E-4A6B-BC89-4CE915C05309}"
EndProject
Project("{FAE04EC0-301F-11D3-BF4B-00C04F79EFBC}") = "SIIO.DA", "SIIO.DA\SIIO.DA.csproj", "{C0F85F40-D9F4-4115-8E40-4F4B690FCF0E}"
EndProject
Global
	GlobalSection(SolutionConfigurationPlatforms) = preSolution
		Debug|Any CPU = Debug|Any CPU
		Release|Any CPU = Release|Any CPU
	EndGlobalSection
	GlobalSection(ProjectConfigurationPlatforms) = postSolution
		{A70A45F0-825E-4CA6-887B-111B6EA05D53}.Debug|Any CPU.ActiveCfg = Debug|Any CPU
		{A70A45F0-825E-4CA6-887B-111B6EA05D53}.Debug|Any CPU.Build.0 = Debug|Any CPU
		{A70A45F0-825E-4CA6-887B-111B6EA05D53}.Release|Any CPU.ActiveCfg = Release|Any CPU
		{A70A45F0-825E-4CA6-887B-111B6EA05D53}.Release|Any CPU.Build.0 = Release|Any CPU
		{9AF78B92-492E-4CAD-87BA-FB38F7838A39}.Debug|Any CPU.ActiveCfg = Debug|Any CPU
		{9AF78B92-492E-4CAD-87BA-FB38F7838A39}.Debug|Any CPU.Build.0 = Debug|Any CPU
		{9AF78B92-492E-4CAD-87BA-FB38F7838A39}.Release|Any CPU.ActiveCfg = Release|Any CPU
		{9AF78B92-492E-4CAD-87BA-FB38F7838A39}.Release|Any CPU.Build.0 = Release|Any CPU
		{B7A1FD84-AD8E-4A6B-BC89-4CE915C05309}.Debug|Any CPU.ActiveCfg = Debug|Any CPU
		{B7A1FD84-AD8E-4A6B-BC89-4CE915C05309}.Debug|Any CPU.Build.0 = Debug|Any CPU
		{B7A1FD84-AD8E-4A6B-BC89-4CE915C05309}.Release|Any CPU.ActiveCfg = Release|Any CPU
		{B7A1FD84-AD8E-4A6B-BC89-4CE915C05309}.Release|Any CPU.Build.0 = Release|Any CPU
		{C0F85F40-D9F4-4115-8E40-4F4B690FCF0E}.Debug|Any CPU.ActiveCfg = Debug|Any CPU
		{C0F85F40-D9F4-4115-8E40-4F4B690FCF0E}.Debug|Any CPU.Build.0 = Debug|Any CPU
		{C0F85F40-D9F4-4115-8E40-4F4B690FCF0E}.Release|Any CPU.ActiveCfg = Release|Any CPU
		{C0F85F40-D9F4-4115-8E40-4F4B690FCF0E}.Release|Any CPU.Build.0 = Release|Any CPU
	EndGlobalSection
	GlobalSection(SolutionProperties) = preSolution
		HideSolutionNode = FALSE
	EndGlobalSection
	GlobalSection(SubversionScc) = preSolution
		Svn-Managed = True
		Manager = AnkhSVN - Subversion Support for Visual Studio
	EndGlobalSection
EndGlobal
